{
  "lockfile_version": "1",
  "packages": {
    "github:NixOS/nixpkgs/nixpkgs-unstable": {
      "last_modified": "2026-08-12T11:28:58Z",
      "resolved": "github:NixOS/nixpkgs/044bfe75bfe4c7bbe043dc17b5e42ea823b84a09?lastModified=1786534138&narHash=sha256-fBJMdnKUTUDtfi%2FBYLr71HLaC9dG382arxLF2Egg2uo%3D"
    },
    "go@latest": {
      "last_modified": "2026-08-01T16:34:20Z",
      "resolved": "github:NixOS/nixpkgs/a5cbcfe954791221bfffe2307f7d1a1bf61a871e#go",
      "source": "devbox-search",
      "version": "1.26.5",
      "systems": {
        "aarch64-darwin": {
          "outputs": [
            {
              "name": "out",
              "path": "/nix/store/8g06ffyaas333hzhsjcd50nqbsldqjhh-go-1.26.5",
              "default": true
            }
          ],
          "store_path": "/nix/store/8g06ffyaas333hzhsjcd50nqbsldqjhh-go-1.26.5"
        },
        "aarch64-linux": {
          "outputs": [
            {
              "name": "out",
              "path": "/nix/store/p8wbwrmaqggbg1griwkcjag8lbkgz0qg-go-1.26.5",
              "default": true
            }
          ],
          "store_path": "/nix/store/p8wbwrmaqggbg1griwkcjag8lbkgz0qg-go-1.26.5"
        },
        "x86_64-linux": {
          "outputs": [
            {
              "name": "out",
              "path": "/nix/store/pwj3x44pp735yb038fnmqckyyra9k29x-go-1.26.5",
              "default": true
            }
          ],
          "store_path": "/nix/store/pwj3x44pp735yb038fnmqckyyra9k29x-go-1.26.5"
        }
      }
    }
  }
}
